
Microsoft Visual Studio Solution File, Format Version 11.00
# Visual Studio 2010
Project("{FAE04EC0-301F-11D3-BF4B-00C04F79EFBC}") = "slicer", "Assembly-CSharp.csproj", "{AD46BFDF-0E12-8A9A-F629-96BC7ABFFF3D}"
EndProject
Project("{FAE04EC0-301F-11D3-BF4B-00C04F79EFBC}") = "slicer", "Assembly-CSharp-firstpass.csproj", "{8D1557FC-72C9-E77A-984B-C85D0F8A4521}"
EndProject
Project("{FAE04EC0-301F-11D3-BF4B-00C04F79EFBC}") = "slicer", "Assembly-CSharp-Editor-firstpass.csproj", "{FAADBD8B-CBD9-C939-424D-98078040564D}"
EndProject
Project("{FAE04EC0-301F-11D3-BF4B-00C04F79EFBC}") = "slicer", "Assembly-CSharp-Editor.csproj", "{80E011C4-43E8-A1BD-B554-772AC4FC08BC}"
EndProject
Global
	GlobalSection(SolutionConfigurationPlatforms) = preSolution
		Debug|Any CPU = Debug|Any CPU
		Release|Any CPU = Release|Any CPU
	EndGlobalSection
	GlobalSection(ProjectConfigurationPlatforms) = postSolution
		{AD46BFDF-0E12-8A9A-F629-96BC7ABFFF3D}.Debug|Any CPU.ActiveCfg = Debug|Any CPU
		{AD46BFDF-0E12-8A9A-F629-96BC7ABFFF3D}.Debug|Any CPU.Build.0 = Debug|Any CPU
		{AD46BFDF-0E12-8A9A-F629-96BC7ABFFF3D}.Release|Any CPU.ActiveCfg = Release|Any CPU
		{AD46BFDF-0E12-8A9A-F629-96BC7ABFFF3D}.Release|Any CPU.Build.0 = Release|Any CPU
		{8D1557FC-72C9-E77A-984B-C85D0F8A4521}.Debug|Any CPU.ActiveCfg = Debug|Any CPU
		{8D1557FC-72C9-E77A-984B-C85D0F8A4521}.Debug|Any CPU.Build.0 = Debug|Any CPU
		{8D1557FC-72C9-E77A-984B-C85D0F8A4521}.Release|Any CPU.ActiveCfg = Release|Any CPU
		{8D1557FC-72C9-E77A-984B-C85D0F8A4521}.Release|Any CPU.Build.0 = Release|Any CPU
		{FAADBD8B-CBD9-C939-424D-98078040564D}.Debug|Any CPU.ActiveCfg = Debug|Any CPU
		{FAADBD8B-CBD9-C939-424D-98078040564D}.Debug|Any CPU.Build.0 = Debug|Any CPU
		{FAADBD8B-CBD9-C939-424D-98078040564D}.Release|Any CPU.ActiveCfg = Release|Any CPU
		{FAADBD8B-CBD9-C939-424D-98078040564D}.Release|Any CPU.Build.0 = Release|Any CPU
		{80E011C4-43E8-A1BD-B554-772AC4FC08BC}.Debug|Any CPU.ActiveCfg = Debug|Any CPU
		{80E011C4-43E8-A1BD-B554-772AC4FC08BC}.Debug|Any CPU.Build.0 = Debug|Any CPU
		{80E011C4-43E8-A1BD-B554-772AC4FC08BC}.Release|Any CPU.ActiveCfg = Release|Any CPU
		{80E011C4-43E8-A1BD-B554-772AC4FC08BC}.Release|Any CPU.Build.0 = Release|Any CPU
	EndGlobalSection
	GlobalSection(SolutionProperties) = preSolution
		HideSolutionNode = FALSE
	EndGlobalSection
	GlobalSection(MonoDevelopProperties) = preSolution
		StartupItem = Assembly-CSharp.csproj
	EndGlobalSection
EndGlobal
